
Microsoft Visual Studio Solution File, Format Version 12.00
# Visual Studio Version 17
VisualStudioVersion = 17.3.32825.248
MinimumVisualStudioVersion = 10.0.40219.1
Project("{9A19103F-16F7-4668-BE54-9A1E7A4F7556}") = "PixelArtHub", "PixelArtHub\PixelArtHub.csproj", "{AF26ED49-28E0-44EA-AD46-39125B0C983F}"
EndProject
Project("{FAE04EC0-301F-11D3-BF4B-00C04F79EFBC}") = "DAL", "DAL\DAL.csproj", "{7C0ECD4E-D10C-4CFE-806A-DE64807E5C29}"
EndProject
Project("{FAE04EC0-301F-11D3-BF4B-00C04F79EFBC}") = "BLL", "BLL\BLL.csproj", "{98E382C9-C345-411B-89DA-56E8890551DD}"
EndProject
Global
	GlobalSection(SolutionConfigurationPlatforms) = preSolution
		Debug|Any CPU = Debug|Any CPU
		Release|Any CPU = Release|Any CPU
	EndGlobalSection
	GlobalSection(ProjectConfigurationPlatforms) = postSolution
		{AF26ED49-28E0-44EA-AD46-39125B0C983F}.Debug|Any CPU.ActiveCfg = Debug|Any CPU
		{AF26ED49-28E0-44EA-AD46-39125B0C983F}.Debug|Any CPU.Build.0 = Debug|Any CPU
		{AF26ED49-28E0-44EA-AD46-39125B0C983F}.Release|Any CPU.ActiveCfg = Release|Any CPU
		{AF26ED49-28E0-44EA-AD46-39125B0C983F}.Release|Any CPU.Build.0 = Release|Any CPU
		{7C0ECD4E-D10C-4CFE-806A-DE64807E5C29}.Debug|Any CPU.ActiveCfg = Debug|Any CPU
		{7C0ECD4E-D10C-4CFE-806A-DE64807E5C29}.Debug|Any CPU.Build.0 = Debug|Any CPU
		{7C0ECD4E-D10C-4CFE-806A-DE64807E5C29}.Release|Any CPU.ActiveCfg = Release|Any CPU
		{7C0ECD4E-D10C-4CFE-806A-DE64807E5C29}.Release|Any CPU.Build.0 = Release|Any CPU
		{98E382C9-C345-411B-89DA-56E8890551DD}.Debug|Any CPU.ActiveCfg = Debug|Any CPU
		{98E382C9-C345-411B-89DA-56E8890551DD}.Debug|Any CPU.Build.0 = Debug|Any CPU
		{98E382C9-C345-411B-89DA-56E8890551DD}.Release|Any CPU.ActiveCfg = Release|Any CPU
		{98E382C9-C345-411B-89DA-56E8890551DD}.Release|Any CPU.Build.0 = Release|Any CPU
	EndGlobalSection
	GlobalSection(SolutionProperties) = preSolution
		HideSolutionNode = FALSE
	EndGlobalSection
	GlobalSection(ExtensibilityGlobals) = postSolution
		SolutionGuid = {8B3A4C7F-1F36-4A4B-8ADC-A678F232E8F8}
	EndGlobalSection
EndGlobal
